
Microsoft Visual Studio Solution File, Format Version 12.00
# Visual Studio Version 16
VisualStudioVersion = 16.0.31129.286
MinimumVisualStudioVersion = 10.0.40219.1
Project("{FAE04EC0-301F-11D3-BF4B-00C04F79EFBC}") = "ConsoleApp12", "ConsoleApp12\ConsoleApp12.csproj", "{EE204634-C176-43A4-96DE-38EF8C1095C6}"
EndProject
Global
	GlobalSection(SolutionConfigurationPlatforms) = preSolution
		Debug|Any CPU = Debug|Any CPU
		Release|Any CPU = Release|Any CPU
	EndGlobalSection
	GlobalSection(ProjectConfigurationPlatforms) = postSolution
		{EE204634-C176-43A4-96DE-38EF8C1095C6}.Debug|Any CPU.ActiveCfg = Debug|Any CPU
		{EE204634-C176-43A4-96DE-38EF8C1095C6}.Debug|Any CPU.Build.0 = Debug|Any CPU
		{EE204634-C176-43A4-96DE-38EF8C1095C6}.Release|Any CPU.ActiveCfg = Release|Any CPU
		{EE204634-C176-43A4-96DE-38EF8C1095C6}.Release|Any CPU.Build.0 = Release|Any CPU
	EndGlobalSection
	GlobalSection(SolutionProperties) = preSolution
		HideSolutionNode = FALSE
	EndGlobalSection
	GlobalSection(ExtensibilityGlobals) = postSolution
		SolutionGuid = {AF21798D-18BD-432E-A959-5E59AF0B5110}
	EndGlobalSection
EndGlobal
